
Microsoft Visual Studio Solution File, Format Version 12.00
# Visual Studio Version 17
VisualStudioVersion = 17.14.36408.4 d17.14
MinimumVisualStudioVersion = 10.0.40219.1
Project("{FAE04EC0-301F-11D3-BF4B-00C04F79EFBC}") = "PawCare", "PawCare\PawCare.csproj", "{EB1EC3EC-024C-484B-8E08-48FFF20D2147}"
EndProject
Global
	GlobalSection(SolutionConfigurationPlatforms) = preSolution
		Debug|Any CPU = Debug|Any CPU
		Release|Any CPU = Release|Any CPU
	EndGlobalSection
	GlobalSection(ProjectConfigurationPlatforms) = postSolution
		{EB1EC3EC-024C-484B-8E08-48FFF20D2147}.Debug|Any CPU.ActiveCfg = Debug|Any CPU
		{EB1EC3EC-024C-484B-8E08-48FFF20D2147}.Debug|Any CPU.Build.0 = Debug|Any CPU
		{EB1EC3EC-024C-484B-8E08-48FFF20D2147}.Release|Any CPU.ActiveCfg = Release|Any CPU
		{EB1EC3EC-024C-484B-8E08-48FFF20D2147}.Release|Any CPU.Build.0 = Release|Any CPU
	EndGlobalSection
	GlobalSection(SolutionProperties) = preSolution
		HideSolutionNode = FALSE
	EndGlobalSection
	GlobalSection(ExtensibilityGlobals) = postSolution
		SolutionGuid = {FA73B5B1-0113-4645-AED1-667E5630CE5E}
	EndGlobalSection
EndGlobal
